%{"calliope": {:hex, :calliope, "0.2.7"},
  "coverex": {:hex, :coverex, "0.0.7"},
  "cowboy": {:hex, :cowboy, "1.0.0"},
  "cowlib": {:hex, :cowlib, "1.0.0"},
  "ddbmodel": {:git, "git://github.com/jni-/ddbmodel.git", "e8ac213f6a82401a60a93ce87acbb27e6836bce3", []},
  "erlcloud": {:git, "git://github.com/gleber/erlcloud.git", "573cce3be0e44d3f4f3cf7f328973cbb37c7ec35", []},
  "jsx": {:git, "git://github.com/talentdeficit/jsx.git", "507fa4c41db33c81e925ab53f4d789d234aaff2f", []},
  "lhttpc": {:git, "git://github.com/talko/lhttpc", "2d01a5f9c7543b77bdd57f44c92e72801f46e423", [ref: "master"]},
  "linguist": {:hex, :linguist, "0.1.2"},
  "meck": {:git, "git://github.com/eproxus/meck.git", "04d67d2aad5e0268f2fcfcc715fce7ad87249b3f", []},
  "phoenix": {:git, "git://github.com/phoenixframework/phoenix.git", "8cffae4744e30e06e6770b4170e2884edd09a85f", []},
  "phoenix_haml": {:git, "git://github.com/chrismccord/phoenix_haml.git", "8bb904e694d58742f1c25162fc44eba1cb809d27", []},
  "plug": {:hex, :plug, "0.8.1"},
  "poison": {:hex, :poison, "1.2.0"},
  "ranch": {:hex, :ranch, "1.0.0"},
  "uuid": {:git, "git://github.com/avtobiff/erlang-uuid.git", "9cfe9666f1787d27550495c9c9cfa0297d861252", []}}
