%{"calliope": {:hex, :calliope, "0.2.8"},
  "coverex": {:hex, :coverex, "0.0.7"},
  "cowboy": {:hex, :cowboy, "1.0.0"},
  "cowlib": {:hex, :cowlib, "1.0.0"},
  "ddbmodel": {:git, "git://github.com/jni-/ddbmodel.git", "428e7d544cde51af424cfebd735bb2db15ed343c", []},
  "erlcloud": {:git, "git://github.com/gleber/erlcloud.git", "2c176b8f8edc5781955d13c2510ce2be707ee461", [branch: "master"]},
  "jsx": {:git, "git://github.com/talentdeficit/jsx.git", "507fa4c41db33c81e925ab53f4d789d234aaff2f", []},
  "lhttpc": {:git, "git://github.com/talko/lhttpc", "2d01a5f9c7543b77bdd57f44c92e72801f46e423", [ref: "master"]},
  "linguist": {:hex, :linguist, "0.1.2"},
  "meck": {:hex, :meck, "0.8.2"},
  "mock": {:git, "git://github.com/jjh42/mock.git", "9952e1b7b8a1e0ec1af15cac6a736fcdb0dcc170", []},
  "phoenix": {:git, "git://github.com/phoenixframework/phoenix.git", "0cccab6ab1685c53d3053058f09c53ea1b60ce3f", [ref: "0cccab6ab1685c53d3053058f09c53ea1b60ce3f"]},
  "phoenix_haml": {:git, "git://github.com/chrismccord/phoenix_haml.git", "8bb904e694d58742f1c25162fc44eba1cb809d27", []},
  "plug": {:hex, :plug, "0.8.2"},
  "poison": {:hex, :poison, "1.2.0"},
  "ranch": {:hex, :ranch, "1.0.0"},
  "uuid": {:git, "git://github.com/avtobiff/erlang-uuid.git", "9cfe9666f1787d27550495c9c9cfa0297d861252", []}}
